
Microsoft Visual Studio Solution File, Format Version 12.00
# Visual Studio Version 17
VisualStudioVersion = 17.0.31919.166
MinimumVisualStudioVersion = 10.0.40219.1
Project("{2150E333-8FDC-42A3-9474-1A3956D46DE8}") = "src", "src", "{6D540BD0-1E19-420E-81D3-FB826B1B7C2A}"
EndProject
Project("{2150E333-8FDC-42A3-9474-1A3956D46DE8}") = "tests", "tests", "{433DA447-86F6-4AC7-BD30-2E49E0642971}"
EndProject
Project("{2150E333-8FDC-42A3-9474-1A3956D46DE8}") = "API", "API", "{19655DD0-CF09-45DF-9870-AC34B9BDFABE}"
EndProject
Project("{2150E333-8FDC-42A3-9474-1A3956D46DE8}") = "Core", "Core", "{FEA9880F-9757-4ABC-8286-30D1232FC712}"
EndProject
Project("{2150E333-8FDC-42A3-9474-1A3956D46DE8}") = "Infrastructure", "Infrastructure", "{97ACA989-21A6-405D-B4A2-E2FE878E7647}"
EndProject
Project("{2150E333-8FDC-42A3-9474-1A3956D46DE8}") = "UI", "UI", "{2CE2BB71-B04F-486B-A53D-077A87CD9EB8}"
EndProject
Project("{9A19103F-16F7-4668-BE54-9A1E7A4F7556}") = "HR.LeaveManagement.Domain", "HR.LeaveManagment.Domain\HR.LeaveManagement.Domain.csproj", "{B56311FC-356B-41B8-866B-DF6CEC11B262}"
EndProject
Project("{9A19103F-16F7-4668-BE54-9A1E7A4F7556}") = "HR.LeaveManagement.Application", "HR.LeaveManagement.Application\HR.LeaveManagement.Application.csproj", "{F1D5F375-6351-499D-8826-E1EB0508832D}"
EndProject
Project("{9A19103F-16F7-4668-BE54-9A1E7A4F7556}") = "HR.LeaveManagement.Persistence", "HR.LeaveManagement.Persistence\HR.LeaveManagement.Persistence.csproj", "{80000B78-DD6A-4F58-9CE2-E66C62181FF9}"
EndProject
Project("{9A19103F-16F7-4668-BE54-9A1E7A4F7556}") = "HR.LeaveManagement.Infrasructure", "HR.LeaveManagement.Infrasructure\HR.LeaveManagement.Infrasructure.csproj", "{D0BC0DA5-A7E4-4EB4-9659-D3A94D682F85}"
EndProject
Project("{9A19103F-16F7-4668-BE54-9A1E7A4F7556}") = "HR.LeaveManagement.Identity", "HR.LeaveManagement.Identity\HR.LeaveManagement.Identity.csproj", "{EEE9C1B6-D91D-4834-B762-BE4FDCE35A2A}"
EndProject
Project("{9A19103F-16F7-4668-BE54-9A1E7A4F7556}") = "HR.LeaveManagement.API", "HR.LeaveManagement.API\HR.LeaveManagement.API.csproj", "{631F443B-0898-48FE-BCB7-6583B8C653EF}"
EndProject
Project("{9A19103F-16F7-4668-BE54-9A1E7A4F7556}") = "HR.LeaveManagement.MVC", "HR.LeaveManagement.MVC\HR.LeaveManagement.MVC.csproj", "{194895A8-A61B-41A3-819D-96907CAB0DC6}"
EndProject
Project("{FAE04EC0-301F-11D3-BF4B-00C04F79EFBC}") = "HR.LeaveManagement.Application.UnitTest", "HR.LeaveManagement.Application.UnitTest\HR.LeaveManagement.Application.UnitTest.csproj", "{42ACC414-C4BB-406A-8831-C14D7DAA03FD}"
EndProject
Global
	GlobalSection(SolutionConfigurationPlatforms) = preSolution
		Debug|Any CPU = Debug|Any CPU
		Release|Any CPU = Release|Any CPU
	EndGlobalSection
	GlobalSection(ProjectConfigurationPlatforms) = postSolution
		{B56311FC-356B-41B8-866B-DF6CEC11B262}.Debug|Any CPU.ActiveCfg = Debug|Any CPU
		{B56311FC-356B-41B8-866B-DF6CEC11B262}.Debug|Any CPU.Build.0 = Debug|Any CPU
		{B56311FC-356B-41B8-866B-DF6CEC11B262}.Release|Any CPU.ActiveCfg = Release|Any CPU
		{B56311FC-356B-41B8-866B-DF6CEC11B262}.Release|Any CPU.Build.0 = Release|Any CPU
		{F1D5F375-6351-499D-8826-E1EB0508832D}.Debug|Any CPU.ActiveCfg = Debug|Any CPU
		{F1D5F375-6351-499D-8826-E1EB0508832D}.Debug|Any CPU.Build.0 = Debug|Any CPU
		{F1D5F375-6351-499D-8826-E1EB0508832D}.Release|Any CPU.ActiveCfg = Release|Any CPU
		{F1D5F375-6351-499D-8826-E1EB0508832D}.Release|Any CPU.Build.0 = Release|Any CPU
		{80000B78-DD6A-4F58-9CE2-E66C62181FF9}.Debug|Any CPU.ActiveCfg = Debug|Any CPU
		{80000B78-DD6A-4F58-9CE2-E66C62181FF9}.Debug|Any CPU.Build.0 = Debug|Any CPU
		{80000B78-DD6A-4F58-9CE2-E66C62181FF9}.Release|Any CPU.ActiveCfg = Release|Any CPU
		{80000B78-DD6A-4F58-9CE2-E66C62181FF9}.Release|Any CPU.Build.0 = Release|Any CPU
		{D0BC0DA5-A7E4-4EB4-9659-D3A94D682F85}.Debug|Any CPU.ActiveCfg = Debug|Any CPU
		{D0BC0DA5-A7E4-4EB4-9659-D3A94D682F85}.Debug|Any CPU.Build.0 = Debug|Any CPU
		{D0BC0DA5-A7E4-4EB4-9659-D3A94D682F85}.Release|Any CPU.ActiveCfg = Release|Any CPU
		{D0BC0DA5-A7E4-4EB4-9659-D3A94D682F85}.Release|Any CPU.Build.0 = Release|Any CPU
		{EEE9C1B6-D91D-4834-B762-BE4FDCE35A2A}.Debug|Any CPU.ActiveCfg = Debug|Any CPU
		{EEE9C1B6-D91D-4834-B762-BE4FDCE35A2A}.Debug|Any CPU.Build.0 = Debug|Any CPU
		{EEE9C1B6-D91D-4834-B762-BE4FDCE35A2A}.Release|Any CPU.ActiveCfg = Release|Any CPU
		{EEE9C1B6-D91D-4834-B762-BE4FDCE35A2A}.Release|Any CPU.Build.0 = Release|Any CPU
		{631F443B-0898-48FE-BCB7-6583B8C653EF}.Debug|Any CPU.ActiveCfg = Debug|Any CPU
		{631F443B-0898-48FE-BCB7-6583B8C653EF}.Debug|Any CPU.Build.0 = Debug|Any CPU
		{631F443B-0898-48FE-BCB7-6583B8C653EF}.Release|Any CPU.ActiveCfg = Release|Any CPU
		{631F443B-0898-48FE-BCB7-6583B8C653EF}.Release|Any CPU.Build.0 = Release|Any CPU
		{194895A8-A61B-41A3-819D-96907CAB0DC6}.Debug|Any CPU.ActiveCfg = Debug|Any CPU
		{194895A8-A61B-41A3-819D-96907CAB0DC6}.Debug|Any CPU.Build.0 = Debug|Any CPU
		{194895A8-A61B-41A3-819D-96907CAB0DC6}.Release|Any CPU.ActiveCfg = Release|Any CPU
		{194895A8-A61B-41A3-819D-96907CAB0DC6}.Release|Any CPU.Build.0 = Release|Any CPU
		{42ACC414-C4BB-406A-8831-C14D7DAA03FD}.Debug|Any CPU.ActiveCfg = Debug|Any CPU
		{42ACC414-C4BB-406A-8831-C14D7DAA03FD}.Debug|Any CPU.Build.0 = Debug|Any CPU
		{42ACC414-C4BB-406A-8831-C14D7DAA03FD}.Release|Any CPU.ActiveCfg = Release|Any CPU
		{42ACC414-C4BB-406A-8831-C14D7DAA03FD}.Release|Any CPU.Build.0 = Release|Any CPU
	EndGlobalSection
	GlobalSection(SolutionProperties) = preSolution
		HideSolutionNode = FALSE
	EndGlobalSection
	GlobalSection(NestedProjects) = preSolution
		{19655DD0-CF09-45DF-9870-AC34B9BDFABE} = {6D540BD0-1E19-420E-81D3-FB826B1B7C2A}
		{FEA9880F-9757-4ABC-8286-30D1232FC712} = {6D540BD0-1E19-420E-81D3-FB826B1B7C2A}
		{97ACA989-21A6-405D-B4A2-E2FE878E7647} = {6D540BD0-1E19-420E-81D3-FB826B1B7C2A}
		{2CE2BB71-B04F-486B-A53D-077A87CD9EB8} = {6D540BD0-1E19-420E-81D3-FB826B1B7C2A}
		{B56311FC-356B-41B8-866B-DF6CEC11B262} = {FEA9880F-9757-4ABC-8286-30D1232FC712}
		{F1D5F375-6351-499D-8826-E1EB0508832D} = {FEA9880F-9757-4ABC-8286-30D1232FC712}
		{80000B78-DD6A-4F58-9CE2-E66C62181FF9} = {97ACA989-21A6-405D-B4A2-E2FE878E7647}
		{D0BC0DA5-A7E4-4EB4-9659-D3A94D682F85} = {97ACA989-21A6-405D-B4A2-E2FE878E7647}
		{EEE9C1B6-D91D-4834-B762-BE4FDCE35A2A} = {97ACA989-21A6-405D-B4A2-E2FE878E7647}
		{631F443B-0898-48FE-BCB7-6583B8C653EF} = {19655DD0-CF09-45DF-9870-AC34B9BDFABE}
		{194895A8-A61B-41A3-819D-96907CAB0DC6} = {2CE2BB71-B04F-486B-A53D-077A87CD9EB8}
		{42ACC414-C4BB-406A-8831-C14D7DAA03FD} = {433DA447-86F6-4AC7-BD30-2E49E0642971}
	EndGlobalSection
	GlobalSection(ExtensibilityGlobals) = postSolution
		SolutionGuid = {5F769CCA-A99C-485F-ACFE-B33247925816}
	EndGlobalSection
EndGlobal
